
Microsoft Visual Studio Solution File, Format Version 12.00
# Visual Studio Version 17
VisualStudioVersion = 17.11.35327.3
MinimumVisualStudioVersion = 10.0.40219.1
Project("{FAE04EC0-301F-11D3-BF4B-00C04F79EFBC}") = "BlogAPI", "BlogAPI\BlogAPI.csproj", "{3EA80567-261E-49D2-8A7A-FF669B03417F}"
EndProject
Project("{2150E333-8FDC-42A3-9474-1A3956D46DE8}") = "Solution Items", "Solution Items", "{A79167DE-4310-41EB-9171-B0FB3E6E7CD4}"
	ProjectSection(SolutionItems) = preProject
		.gitignore = .gitignore
		..\..\Downloads\Data.sql = ..\..\Downloads\Data.sql
	EndProjectSection
EndProject
Global
	GlobalSection(SolutionConfigurationPlatforms) = preSolution
		Debug|Any CPU = Debug|Any CPU
		Release|Any CPU = Release|Any CPU
	EndGlobalSection
	GlobalSection(ProjectConfigurationPlatforms) = postSolution
		{3EA80567-261E-49D2-8A7A-FF669B03417F}.Debug|Any CPU.ActiveCfg = Debug|Any CPU
		{3EA80567-261E-49D2-8A7A-FF669B03417F}.Debug|Any CPU.Build.0 = Debug|Any CPU
		{3EA80567-261E-49D2-8A7A-FF669B03417F}.Release|Any CPU.ActiveCfg = Release|Any CPU
		{3EA80567-261E-49D2-8A7A-FF669B03417F}.Release|Any CPU.Build.0 = Release|Any CPU
	EndGlobalSection
	GlobalSection(SolutionProperties) = preSolution
		HideSolutionNode = FALSE
	EndGlobalSection
	GlobalSection(ExtensibilityGlobals) = postSolution
		SolutionGuid = {416989AD-035D-480E-A676-F85AC0D778D9}
	EndGlobalSection
EndGlobal
